
Microsoft Visual Studio Solution File, Format Version 12.00
# Visual Studio Version 16
VisualStudioVersion = 16.0.30804.86
MinimumVisualStudioVersion = 10.0.40219.1
Project("{9A19103F-16F7-4668-BE54-9A1E7A4F7556}") = "API", "API\API.csproj", "{B4104D7A-71B1-4382-BBF6-E45D26155BF5}"
EndProject
Project("{FAE04EC0-301F-11D3-BF4B-00C04F79EFBC}") = "Core", "Core\Core.csproj", "{ED067936-205A-4640-89D1-A33883E64E8C}"
EndProject
Project("{FAE04EC0-301F-11D3-BF4B-00C04F79EFBC}") = "Infrastructure", "Infrastructure\Infrastructure.csproj", "{B2CEDD58-0FA0-4552-8DEE-8AD4B5E9840E}"
EndProject
Global
	GlobalSection(SolutionConfigurationPlatforms) = preSolution
		Debug|Any CPU = Debug|Any CPU
		Release|Any CPU = Release|Any CPU
	EndGlobalSection
	GlobalSection(ProjectConfigurationPlatforms) = postSolution
		{B4104D7A-71B1-4382-BBF6-E45D26155BF5}.Debug|Any CPU.ActiveCfg = Debug|Any CPU
		{B4104D7A-71B1-4382-BBF6-E45D26155BF5}.Debug|Any CPU.Build.0 = Debug|Any CPU
		{B4104D7A-71B1-4382-BBF6-E45D26155BF5}.Release|Any CPU.ActiveCfg = Release|Any CPU
		{B4104D7A-71B1-4382-BBF6-E45D26155BF5}.Release|Any CPU.Build.0 = Release|Any CPU
		{ED067936-205A-4640-89D1-A33883E64E8C}.Debug|Any CPU.ActiveCfg = Debug|Any CPU
		{ED067936-205A-4640-89D1-A33883E64E8C}.Debug|Any CPU.Build.0 = Debug|Any CPU
		{ED067936-205A-4640-89D1-A33883E64E8C}.Release|Any CPU.ActiveCfg = Release|Any CPU
		{ED067936-205A-4640-89D1-A33883E64E8C}.Release|Any CPU.Build.0 = Release|Any CPU
		{B2CEDD58-0FA0-4552-8DEE-8AD4B5E9840E}.Debug|Any CPU.ActiveCfg = Debug|Any CPU
		{B2CEDD58-0FA0-4552-8DEE-8AD4B5E9840E}.Debug|Any CPU.Build.0 = Debug|Any CPU
		{B2CEDD58-0FA0-4552-8DEE-8AD4B5E9840E}.Release|Any CPU.ActiveCfg = Release|Any CPU
		{B2CEDD58-0FA0-4552-8DEE-8AD4B5E9840E}.Release|Any CPU.Build.0 = Release|Any CPU
	EndGlobalSection
	GlobalSection(SolutionProperties) = preSolution
		HideSolutionNode = FALSE
	EndGlobalSection
	GlobalSection(ExtensibilityGlobals) = postSolution
		SolutionGuid = {6179E2EF-E9AD-4E5A-8E01-5F3EEAEED8D5}
	EndGlobalSection
EndGlobal
